// !$*UTF8*$!
{
	archiveVersion = 1;
	classes = {
	};
	objectVersion = 50;
	objects = {

/* Begin PBXBuildFile section */
		A207CC0922D9A1DD00DF339E /* AppDelegate.m in Sources */ = {isa = PBXBuildFile; fileRef = A207CC0822D9A1DD00DF339E /* AppDelegate.m */; };
		A207CC0C22D9A1DD00DF339E /* ViewController.m in Sources */ = {isa = PBXBuildFile; fileRef = A207CC0B22D9A1DD00DF339E /* ViewController.m */; };
		A207CC0F22D9A1DD00DF339E /* Main.storyboard in Resources */ = {isa = PBXBuildFile; fileRef = A207CC0D22D9A1DD00DF339E /* Main.storyboard */; };
		A207CC1122D9A1DE00DF339E /* Assets.xcassets in Resources */ = {isa = PBXBuildFile; fileRef = A207CC1022D9A1DE00DF339E /* Assets.xcassets */; };
		A207CC1422D9A1DE00DF339E /* LaunchScreen.storyboard in Resources */ = {isa = PBXBuildFile; fileRef = A207CC1222D9A1DE00DF339E /* LaunchScreen.storyboard */; };
		A207CC1722D9A1DE00DF339E /* main.m in Sources */ = {isa = PBXBuildFile; fileRef = A207CC1622D9A1DE00DF339E /* main.m */; };
		A207CC2922D9A2C100DF339E /* quicKjSruntimE.framework in Frameworks */ = {isa = PBXBuildFile; fileRef = A207CC2222D9A2C100DF339E /* quicKjSruntimE.framework */; };
		A207CC2A22D9A2C100DF339E /* quicKjSruntimE.framework in Embed Frameworks */ = {isa = PBXBuildFile; fileRef = A207CC2222D9A2C100DF339E /* quicKjSruntimE.framework */; settings = {ATTRIBUTES = (CodeSignOnCopy, RemoveHeadersOnCopy, ); }; };
		A207CC5E22D9A4B700DF339E /* libunicode.c in Sources */ = {isa = PBXBuildFile; fileRef = A207CC4F22D9A4B600DF339E /* libunicode.c */; };
		A207CC5F22D9A4B700DF339E /* cutils.c in Sources */ = {isa = PBXBuildFile; fileRef = A207CC5022D9A4B600DF339E /* cutils.c */; };
		A207CC6022D9A4B700DF339E /* quickjs.h in Headers */ = {isa = PBXBuildFile; fileRef = A207CC5122D9A4B600DF339E /* quickjs.h */; };
		A207CC6122D9A4B700DF339E /* quickjs-atom.h in Headers */ = {isa = PBXBuildFile; fileRef = A207CC5222D9A4B600DF339E /* quickjs-atom.h */; };
		A207CC6222D9A4B700DF339E /* libregexp.h in Headers */ = {isa = PBXBuildFile; fileRef = A207CC5322D9A4B600DF339E /* libregexp.h */; };
		A207CC6322D9A4B700DF339E /* list.h in Headers */ = {isa = PBXBuildFile; fileRef = A207CC5422D9A4B600DF339E /* list.h */; };
		A207CC6422D9A4B700DF339E /* libunicode-table.h in Headers */ = {isa = PBXBuildFile; fileRef = A207CC5522D9A4B600DF339E /* libunicode-table.h */; };
		A207CC6522D9A4B700DF339E /* libregexp-opcode.h in Headers */ = {isa = PBXBuildFile; fileRef = A207CC5622D9A4B600DF339E /* libregexp-opcode.h */; };
		A207CC6622D9A4B700DF339E /* quickjs-opcode.h in Headers */ = {isa = PBXBuildFile; fileRef = A207CC5722D9A4B600DF339E /* quickjs-opcode.h */; };
		A207CC6722D9A4B700DF339E /* libbf.c in Sources */ = {isa = PBXBuildFile; fileRef = A207CC5822D9A4B600DF339E /* libbf.c */; };
		A207CC6822D9A4B700DF339E /* quickjs.c in Sources */ = {isa = PBXBuildFile; fileRef = A207CC5922D9A4B600DF339E /* quickjs.c */; };
		A207CC6922D9A4B700DF339E /* libunicode.h in Headers */ = {isa = PBXBuildFile; fileRef = A207CC5A22D9A4B600DF339E /* libunicode.h */; };
		A207CC6A22D9A4B700DF339E /* libregexp.c in Sources */ = {isa = PBXBuildFile; fileRef = A207CC5B22D9A4B600DF339E /* libregexp.c */; };
		A207CC6B22D9A4B700DF339E /* cutils.h in Headers */ = {isa = PBXBuildFile; fileRef = A207CC5C22D9A4B700DF339E /* cutils.h */; };
		A207CC6C22D9A4B700DF339E /* libbf.h in Headers */ = {isa = PBXBuildFile; fileRef = A207CC5D22D9A4B700DF339E /* libbf.h */; };
		A207CC6E22D9A6BC00DF339E /* test.m in Sources */ = {isa = PBXBuildFile; fileRef = A207CC6D22D9A6BC00DF339E /* test.m */; };
		A207CC7122D9A76500DF339E /* test.h in Headers */ = {isa = PBXBuildFile; fileRef = A207CC6F22D9A6EB00DF339E /* test.h */; settings = {ATTRIBUTES = (Public, ); }; };
		A207CC7422D9A79500DF339E /* quickjs-libc.h in Headers */ = {isa = PBXBuildFile; fileRef = A207CC7222D9A79400DF339E /* quickjs-libc.h */; };
		A207CC7522D9A79500DF339E /* quickjs-libc.c in Sources */ = {isa = PBXBuildFile; fileRef = A207CC7322D9A79500DF339E /* quickjs-libc.c */; };
/* End PBXBuildFile section */

/* Begin PBXContainerItemProxy section */
		A207CC2722D9A2C100DF339E /* PBXContainerItemProxy */ = {
			isa = PBXContainerItemProxy;
			containerPortal = A207CBFC22D9A1DD00DF339E /* Project object */;
			proxyType = 1;
			remoteGlobalIDString = A207CC2122D9A2C100DF339E;
			remoteInfo = quicKjSruntimE;
		};
/* End PBXContainerItemProxy section */

/* Begin PBXCopyFilesBuildPhase section */
		A207CC2E22D9A2C100DF339E /* Embed Frameworks */ = {
			isa = PBXCopyFilesBuildPhase;
			buildActionMask = 2147483647;
			dstPath = "";
			dstSubfolderSpec = 10;
			files = (
				A207CC2A22D9A2C100DF339E /* quicKjSruntimE.framework in Embed Frameworks */,
			);
			name = "Embed Frameworks";
			runOnlyForDeploymentPostprocessing = 0;
		};
/* End PBXCopyFilesBuildPhase section */

/* Begin PBXFileReference section */
		A207CC0422D9A1DD00DF339E /* jsdemo.app */ = {isa = PBXFileReference; explicitFileType = wrapper.application; includeInIndex = 0; path = jsdemo.app; sourceTree = BUILT_PRODUCTS_DIR; };
		A207CC0722D9A1DD00DF339E /* AppDelegate.h */ = {isa = PBXFileReference; lastKnownFileType = sourcecode.c.h; path = AppDelegate.h; sourceTree = "<group>"; };
		A207CC0822D9A1DD00DF339E /* AppDelegate.m */ = {isa = PBXFileReference; lastKnownFileType = sourcecode.c.objc; path = AppDelegate.m; sourceTree = "<group>"; };
		A207CC0A22D9A1DD00DF339E /* ViewController.h */ = {isa = PBXFileReference; lastKnownFileType = sourcecode.c.h; path = ViewController.h; sourceTree = "<group>"; };
		A207CC0B22D9A1DD00DF339E /* ViewController.m */ = {isa = PBXFileReference; lastKnownFileType = sourcecode.c.objc; path = ViewController.m; sourceTree = "<group>"; };
		A207CC0E22D9A1DD00DF339E /* Base */ = {isa = PBXFileReference; lastKnownFileType = file.storyboard; name = Base; path = Base.lproj/Main.storyboard; sourceTree = "<group>"; };
		A207CC1022D9A1DE00DF339E /* Assets.xcassets */ = {isa = PBXFileReference; lastKnownFileType = folder.assetcatalog; path = Assets.xcassets; sourceTree = "<group>"; };
		A207CC1322D9A1DE00DF339E /* Base */ = {isa = PBXFileReference; lastKnownFileType = file.storyboard; name = Base; path = Base.lproj/LaunchScreen.storyboard; sourceTree = "<group>"; };
		A207CC1522D9A1DE00DF339E /* Info.plist */ = {isa = PBXFileReference; lastKnownFileType = text.plist.xml; path = Info.plist; sourceTree = "<group>"; };
		A207CC1622D9A1DE00DF339E /* main.m */ = {isa = PBXFileReference; lastKnownFileType = sourcecode.c.objc; path = main.m; sourceTree = "<group>"; };
		A207CC2222D9A2C100DF339E /* quicKjSruntimE.framework */ = {isa = PBXFileReference; explicitFileType = wrapper.framework; includeInIndex = 0; path = quicKjSruntimE.framework; sourceTree = BUILT_PRODUCTS_DIR; };
		A207CC2522D9A2C100DF339E /* Info.plist */ = {isa = PBXFileReference; lastKnownFileType = text.plist.xml; path = Info.plist; sourceTree = "<group>"; };
		A207CC4F22D9A4B600DF339E /* libunicode.c */ = {isa = PBXFileReference; fileEncoding = 4; lastKnownFileType = sourcecode.c.c; name = libunicode.c; path = quickjs/libunicode.c; sourceTree = "<group>"; };
		A207CC5022D9A4B600DF339E /* cutils.c */ = {isa = PBXFileReference; fileEncoding = 4; lastKnownFileType = sourcecode.c.c; name = cutils.c; path = quickjs/cutils.c; sourceTree = "<group>"; };
		A207CC5122D9A4B600DF339E /* quickjs.h */ = {isa = PBXFileReference; fileEncoding = 4; lastKnownFileType = sourcecode.c.h; name = quickjs.h; path = quickjs/quickjs.h; sourceTree = "<group>"; };
		A207CC5222D9A4B600DF339E /* quickjs-atom.h */ = {isa = PBXFileReference; fileEncoding = 4; lastKnownFileType = sourcecode.c.h; name = "quickjs-atom.h"; path = "quickjs/quickjs-atom.h"; sourceTree = "<group>"; };
		A207CC5322D9A4B600DF339E /* libregexp.h */ = {isa = PBXFileReference; fileEncoding = 4; lastKnownFileType = sourcecode.c.h; name = libregexp.h; path = quickjs/libregexp.h; sourceTree = "<group>"; };
		A207CC5422D9A4B600DF339E /* list.h */ = {isa = PBXFileReference; fileEncoding = 4; lastKnownFileType = sourcecode.c.h; name = list.h; path = quickjs/list.h; sourceTree = "<group>"; };
		A207CC5522D9A4B600DF339E /* libunicode-table.h */ = {isa = PBXFileReference; fileEncoding = 4; lastKnownFileType = sourcecode.c.h; name = "libunicode-table.h"; path = "quickjs/libunicode-table.h"; sourceTree = "<group>"; };
		A207CC5622D9A4B600DF339E /* libregexp-opcode.h */ = {isa = PBXFileReference; fileEncoding = 4; lastKnownFileType = sourcecode.c.h; name = "libregexp-opcode.h"; path = "quickjs/libregexp-opcode.h"; sourceTree = "<group>"; };
		A207CC5722D9A4B600DF339E /* quickjs-opcode.h */ = {isa = PBXFileReference; fileEncoding = 4; lastKnownFileType = sourcecode.c.h; name = "quickjs-opcode.h"; path = "quickjs/quickjs-opcode.h"; sourceTree = "<group>"; };
		A207CC5822D9A4B600DF339E /* libbf.c */ = {isa = PBXFileReference; fileEncoding = 4; lastKnownFileType = sourcecode.c.c; name = libbf.c; path = quickjs/libbf.c; sourceTree = "<group>"; };
		A207CC5922D9A4B600DF339E /* quickjs.c */ = {isa = PBXFileReference; fileEncoding = 4; lastKnownFileType = sourcecode.c.c; name = quickjs.c; path = quickjs/quickjs.c; sourceTree = "<group>"; };
		A207CC5A22D9A4B600DF339E /* libunicode.h */ = {isa = PBXFileReference; fileEncoding = 4; lastKnownFileType = sourcecode.c.h; name = libunicode.h; path = quickjs/libunicode.h; sourceTree = "<group>"; };
		A207CC5B22D9A4B600DF339E /* libregexp.c */ = {isa = PBXFileReference; fileEncoding = 4; lastKnownFileType = sourcecode.c.c; name = libregexp.c; path = quickjs/libregexp.c; sourceTree = "<group>"; };
		A207CC5C22D9A4B700DF339E /* cutils.h */ = {isa = PBXFileReference; fileEncoding = 4; lastKnownFileType = sourcecode.c.h; name = cutils.h; path = quickjs/cutils.h; sourceTree = "<group>"; };
		A207CC5D22D9A4B700DF339E /* libbf.h */ = {isa = PBXFileReference; fileEncoding = 4; lastKnownFileType = sourcecode.c.h; name = libbf.h; path = quickjs/libbf.h; sourceTree = "<group>"; };
		A207CC6D22D9A6BC00DF339E /* test.m */ = {isa = PBXFileReference; lastKnownFileType = sourcecode.c.objc; path = test.m; sourceTree = "<group>"; };
		A207CC6F22D9A6EB00DF339E /* test.h */ = {isa = PBXFileReference; lastKnownFileType = sourcecode.c.h; path = test.h; sourceTree = "<group>"; };
		A207CC7222D9A79400DF339E /* quickjs-libc.h */ = {isa = PBXFileReference; fileEncoding = 4; lastKnownFileType = sourcecode.c.h; name = "quickjs-libc.h"; path = "quickjs/quickjs-libc.h"; sourceTree = "<group>"; };
		A207CC7322D9A79500DF339E /* quickjs-libc.c */ = {isa = PBXFileReference; fileEncoding = 4; lastKnownFileType = sourcecode.c.c; name = "quickjs-libc.c"; path = "quickjs/quickjs-libc.c"; sourceTree = "<group>"; };
/* End PBXFileReference section */

/* Begin PBXFrameworksBuildPhase section */
		A207CC0122D9A1DD00DF339E /* Frameworks */ = {
			isa = PBXFrameworksBuildPhase;
			buildActionMask = 2147483647;
			files = (
				A207CC2922D9A2C100DF339E /* quicKjSruntimE.framework in Frameworks */,
			);
			runOnlyForDeploymentPostprocessing = 0;
		};
		A207CC1F22D9A2C100DF339E /* Frameworks */ = {
			isa = PBXFrameworksBuildPhase;
			buildActionMask = 2147483647;
			files = (
			);
			runOnlyForDeploymentPostprocessing = 0;
		};
/* End PBXFrameworksBuildPhase section */

/* Begin PBXGroup section */
		A207CBFB22D9A1DD00DF339E = {
			isa = PBXGroup;
			children = (
				A207CC0622D9A1DD00DF339E /* jsdemo */,
				A207CC2322D9A2C100DF339E /* quicKjSruntimE */,
				A207CC0522D9A1DD00DF339E /* Products */,
			);
			sourceTree = "<group>";
		};
		A207CC0522D9A1DD00DF339E /* Products */ = {
			isa = PBXGroup;
			children = (
				A207CC0422D9A1DD00DF339E /* jsdemo.app */,
				A207CC2222D9A2C100DF339E /* quicKjSruntimE.framework */,
			);
			name = Products;
			sourceTree = "<group>";
		};
		A207CC0622D9A1DD00DF339E /* jsdemo */ = {
			isa = PBXGroup;
			children = (
				A207CC0722D9A1DD00DF339E /* AppDelegate.h */,
				A207CC0822D9A1DD00DF339E /* AppDelegate.m */,
				A207CC0A22D9A1DD00DF339E /* ViewController.h */,
				A207CC0B22D9A1DD00DF339E /* ViewController.m */,
				A207CC0D22D9A1DD00DF339E /* Main.storyboard */,
				A207CC1022D9A1DE00DF339E /* Assets.xcassets */,
				A207CC1222D9A1DE00DF339E /* LaunchScreen.storyboard */,
				A207CC1522D9A1DE00DF339E /* Info.plist */,
				A207CC1622D9A1DE00DF339E /* main.m */,
			);
			path = jsdemo;
			sourceTree = "<group>";
		};
		A207CC2322D9A2C100DF339E /* quicKjSruntimE */ = {
			isa = PBXGroup;
			children = (
				A207CC7322D9A79500DF339E /* quickjs-libc.c */,
				A207CC7222D9A79400DF339E /* quickjs-libc.h */,
				A207CC5022D9A4B600DF339E /* cutils.c */,
				A207CC5C22D9A4B700DF339E /* cutils.h */,
				A207CC5822D9A4B600DF339E /* libbf.c */,
				A207CC5D22D9A4B700DF339E /* libbf.h */,
				A207CC5622D9A4B600DF339E /* libregexp-opcode.h */,
				A207CC5B22D9A4B600DF339E /* libregexp.c */,
				A207CC5322D9A4B600DF339E /* libregexp.h */,
				A207CC5522D9A4B600DF339E /* libunicode-table.h */,
				A207CC4F22D9A4B600DF339E /* libunicode.c */,
				A207CC5A22D9A4B600DF339E /* libunicode.h */,
				A207CC5422D9A4B600DF339E /* list.h */,
				A207CC5222D9A4B600DF339E /* quickjs-atom.h */,
				A207CC5722D9A4B600DF339E /* quickjs-opcode.h */,
				A207CC5922D9A4B600DF339E /* quickjs.c */,
				A207CC5122D9A4B600DF339E /* quickjs.h */,
				A207CC2522D9A2C100DF339E /* Info.plist */,
				A207CC6D22D9A6BC00DF339E /* test.m */,
				A207CC6F22D9A6EB00DF339E /* test.h */,
			);
			path = quicKjSruntimE;
			sourceTree = "<group>";
		};
/* End PBXGroup section */

/* Begin PBXHeadersBuildPhase section */
		A207CC1D22D9A2C100DF339E /* Headers */ = {
			isa = PBXHeadersBuildPhase;
			buildActionMask = 2147483647;
			files = (
				A207CC6922D9A4B700DF339E /* libunicode.h in Headers */,
				A207CC6322D9A4B700DF339E /* list.h in Headers */,
				A207CC6C22D9A4B700DF339E /* libbf.h in Headers */,
				A207CC6B22D9A4B700DF339E /* cutils.h in Headers */,
				A207CC6522D9A4B700DF339E /* libregexp-opcode.h in Headers */,
				A207CC7422D9A79500DF339E /* quickjs-libc.h in Headers */,
				A207CC6622D9A4B700DF339E /* quickjs-opcode.h in Headers */,
				A207CC6122D9A4B700DF339E /* quickjs-atom.h in Headers */,
				A207CC7122D9A76500DF339E /* test.h in Headers */,
				A207CC6222D9A4B700DF339E /* libregexp.h in Headers */,
				A207CC6422D9A4B700DF339E /* libunicode-table.h in Headers */,
				A207CC6022D9A4B700DF339E /* quickjs.h in Headers */,
			);
			runOnlyForDeploymentPostprocessing = 0;
		};
/* End PBXHeadersBuildPhase section */

/* Begin PBXNativeTarget section */
		A207CC0322D9A1DD00DF339E /* jsdemo */ = {
			isa = PBXNativeTarget;
			buildConfigurationList = A207CC1A22D9A1DE00DF339E /* Build configuration list for PBXNativeTarget "jsdemo" */;
			buildPhases = (
				A207CC0022D9A1DD00DF339E /* Sources */,
				A207CC0122D9A1DD00DF339E /* Frameworks */,
				A207CC0222D9A1DD00DF339E /* Resources */,
				A207CC2E22D9A2C100DF339E /* Embed Frameworks */,
			);
			buildRules = (
			);
			dependencies = (
				A207CC2822D9A2C100DF339E /* PBXTargetDependency */,
			);
			name = jsdemo;
			productName = jsdemo;
			productReference = A207CC0422D9A1DD00DF339E /* jsdemo.app */;
			productType = "com.apple.product-type.application";
		};
		A207CC2122D9A2C100DF339E /* quicKjSruntimE */ = {
			isa = PBXNativeTarget;
			buildConfigurationList = A207CC2B22D9A2C100DF339E /* Build configuration list for PBXNativeTarget "quicKjSruntimE" */;
			buildPhases = (
				A207CC1D22D9A2C100DF339E /* Headers */,
				A207CC1E22D9A2C100DF339E /* Sources */,
				A207CC1F22D9A2C100DF339E /* Frameworks */,
				A207CC2022D9A2C100DF339E /* Resources */,
			);
			buildRules = (
			);
			dependencies = (
			);
			name = quicKjSruntimE;
			productName = quicKjSruntimE;
			productReference = A207CC2222D9A2C100DF339E /* quicKjSruntimE.framework */;
			productType = "com.apple.product-type.framework";
		};
/* End PBXNativeTarget section */

/* Begin PBXProject section */
		A207CBFC22D9A1DD00DF339E /* Project object */ = {
			isa = PBXProject;
			attributes = {
				LastUpgradeCheck = 1020;
				ORGANIZATIONNAME = "aligo Kang";
				TargetAttributes = {
					A207CC0322D9A1DD00DF339E = {
						CreatedOnToolsVersion = 10.2.1;
					};
					A207CC2122D9A2C100DF339E = {
						CreatedOnToolsVersion = 10.2.1;
					};
				};
			};
			buildConfigurationList = A207CBFF22D9A1DD00DF339E /* Build configuration list for PBXProject "jsdemo" */;
			compatibilityVersion = "Xcode 9.3";
			developmentRegion = en;
			hasScannedForEncodings = 0;
			knownRegions = (
				en,
				Base,
			);
			mainGroup = A207CBFB22D9A1DD00DF339E;
			productRefGroup = A207CC0522D9A1DD00DF339E /* Products */;
			projectDirPath = "";
			projectRoot = "";
			targets = (
				A207CC0322D9A1DD00DF339E /* jsdemo */,
				A207CC2122D9A2C100DF339E /* quicKjSruntimE */,
			);
		};
/* End PBXProject section */

/* Begin PBXResourcesBuildPhase section */
		A207CC0222D9A1DD00DF339E /* Resources */ = {
			isa = PBXResourcesBuildPhase;
			buildActionMask = 2147483647;
			files = (
				A207CC1422D9A1DE00DF339E /* LaunchScreen.storyboard in Resources */,
				A207CC1122D9A1DE00DF339E /* Assets.xcassets in Resources */,
				A207CC0F22D9A1DD00DF339E /* Main.storyboard in Resources */,
			);
			runOnlyForDeploymentPostprocessing = 0;
		};
		A207CC2022D9A2C100DF339E /* Resources */ = {
			isa = PBXResourcesBuildPhase;
			buildActionMask = 2147483647;
			files = (
			);
			runOnlyForDeploymentPostprocessing = 0;
		};
/* End PBXResourcesBuildPhase section */

/* Begin PBXSourcesBuildPhase section */
		A207CC0022D9A1DD00DF339E /* Sources */ = {
			isa = PBXSourcesBuildPhase;
			buildActionMask = 2147483647;
			files = (
				A207CC0C22D9A1DD00DF339E /* ViewController.m in Sources */,
				A207CC1722D9A1DE00DF339E /* main.m in Sources */,
				A207CC0922D9A1DD00DF339E /* AppDelegate.m in Sources */,
			);
			runOnlyForDeploymentPostprocessing = 0;
		};
		A207CC1E22D9A2C100DF339E /* Sources */ = {
			isa = PBXSourcesBuildPhase;
			buildActionMask = 2147483647;
			files = (
				A207CC6822D9A4B700DF339E /* quickjs.c in Sources */,
				A207CC6A22D9A4B700DF339E /* libregexp.c in Sources */,
				A207CC6722D9A4B700DF339E /* libbf.c in Sources */,
				A207CC5E22D9A4B700DF339E /* libunicode.c in Sources */,
				A207CC5F22D9A4B700DF339E /* cutils.c in Sources */,
				A207CC6E22D9A6BC00DF339E /* test.m in Sources */,
				A207CC7522D9A79500DF339E /* quickjs-libc.c in Sources */,
			);
			runOnlyForDeploymentPostprocessing = 0;
		};
/* End PBXSourcesBuildPhase section */

/* Begin PBXTargetDependency section */
		A207CC2822D9A2C100DF339E /* PBXTargetDependency */ = {
			isa = PBXTargetDependency;
			target = A207CC2122D9A2C100DF339E /* quicKjSruntimE */;
			targetProxy = A207CC2722D9A2C100DF339E /* PBXContainerItemProxy */;
		};
/* End PBXTargetDependency section */

/* Begin PBXVariantGroup section */
		A207CC0D22D9A1DD00DF339E /* Main.storyboard */ = {
			isa = PBXVariantGroup;
			children = (
				A207CC0E22D9A1DD00DF339E /* Base */,
			);
			name = Main.storyboard;
			sourceTree = "<group>";
		};
		A207CC1222D9A1DE00DF339E /* LaunchScreen.storyboard */ = {
			isa = PBXVariantGroup;
			children = (
				A207CC1322D9A1DE00DF339E /* Base */,
			);
			name = LaunchScreen.storyboard;
			sourceTree = "<group>";
		};
/* End PBXVariantGroup section */

/* Begin XCBuildConfiguration section */
		A207CC1822D9A1DE00DF339E /* Debug */ = {
			isa = XCBuildConfiguration;
			buildSettings = {
				ALWAYS_SEARCH_USER_PATHS = NO;
				CLANG_ANALYZER_NONNULL = YES;
				CLANG_ANALYZER_NUMBER_OBJECT_CONVERSION = YES_AGGRESSIVE;
				CLANG_CXX_LANGUAGE_STANDARD = "gnu++14";
				CLANG_CXX_LIBRARY = "libc++";
				CLANG_ENABLE_MODULES = YES;
				CLANG_ENABLE_OBJC_ARC = YES;
				CLANG_ENABLE_OBJC_WEAK = YES;
				CLANG_WARN_BLOCK_CAPTURE_AUTORELEASING = YES;
				CLANG_WARN_BOOL_CONVERSION = YES;
				CLANG_WARN_COMMA = YES;
				CLANG_WARN_CONSTANT_CONVERSION = YES;
				CLANG_WARN_DEPRECATED_OBJC_IMPLEMENTATIONS = YES;
				CLANG_WARN_DIRECT_OBJC_ISA_USAGE = YES_ERROR;
				CLANG_WARN_DOCUMENTATION_COMMENTS = YES;
				CLANG_WARN_EMPTY_BODY = YES;
				CLANG_WARN_ENUM_CONVERSION = YES;
				CLANG_WARN_INFINITE_RECURSION = YES;
				CLANG_WARN_INT_CONVERSION = YES;
				CLANG_WARN_NON_LITERAL_NULL_CONVERSION = YES;
				CLANG_WARN_OBJC_IMPLICIT_RETAIN_SELF = YES;
				CLANG_WARN_OBJC_LITERAL_CONVERSION = YES;
				CLANG_WARN_OBJC_ROOT_CLASS = YES_ERROR;
				CLANG_WARN_RANGE_LOOP_ANALYSIS = YES;
				CLANG_WARN_STRICT_PROTOTYPES = YES;
				CLANG_WARN_SUSPICIOUS_MOVE = YES;
				CLANG_WARN_UNGUARDED_AVAILABILITY = YES_AGGRESSIVE;
				CLANG_WARN_UNREACHABLE_CODE = YES;
				CLANG_WARN__DUPLICATE_METHOD_MATCH = YES;
				CODE_SIGN_IDENTITY = "iPhone Developer";
				COPY_PHASE_STRIP = NO;
				DEBUG_INFORMATION_FORMAT = dwarf;
				ENABLE_STRICT_OBJC_MSGSEND = YES;
				ENABLE_TESTABILITY = YES;
				GCC_C_LANGUAGE_STANDARD = gnu11;
				GCC_DYNAMIC_NO_PIC = NO;
				GCC_NO_COMMON_BLOCKS = YES;
				GCC_OPTIMIZATION_LEVEL = 0;
				GCC_PREPROCESSOR_DEFINITIONS = (
					"DEBUG=1",
					"$(inherited)",
				);
				GCC_WARN_64_TO_32_BIT_CONVERSION = YES;
				GCC_WARN_ABOUT_RETURN_TYPE = YES_ERROR;
				GCC_WARN_UNDECLARED_SELECTOR = YES;
				GCC_WARN_UNINITIALIZED_AUTOS = YES_AGGRESSIVE;
				GCC_WARN_UNUSED_FUNCTION = YES;
				GCC_WARN_UNUSED_VARIABLE = YES;
				IPHONEOS_DEPLOYMENT_TARGET = 12.2;
				MTL_ENABLE_DEBUG_INFO = INCLUDE_SOURCE;
				MTL_FAST_MATH = YES;
				ONLY_ACTIVE_ARCH = YES;
				SDKROOT = iphoneos;
			};
			name = Debug;
		};
		A207CC1922D9A1DE00DF339E /* Release */ = {
			isa = XCBuildConfiguration;
			buildSettings = {
				ALWAYS_SEARCH_USER_PATHS = NO;
				CLANG_ANALYZER_NONNULL = YES;
				CLANG_ANALYZER_NUMBER_OBJECT_CONVERSION = YES_AGGRESSIVE;
				CLANG_CXX_LANGUAGE_STANDARD = "gnu++14";
				CLANG_CXX_LIBRARY = "libc++";
				CLANG_ENABLE_MODULES = YES;
				CLANG_ENABLE_OBJC_ARC = YES;
				CLANG_ENABLE_OBJC_WEAK = YES;
				CLANG_WARN_BLOCK_CAPTURE_AUTORELEASING = YES;
				CLANG_WARN_BOOL_CONVERSION = YES;
				CLANG_WARN_COMMA = YES;
				CLANG_WARN_CONSTANT_CONVERSION = YES;
				CLANG_WARN_DEPRECATED_OBJC_IMPLEMENTATIONS = YES;
				CLANG_WARN_DIRECT_OBJC_ISA_USAGE = YES_ERROR;
				CLANG_WARN_DOCUMENTATION_COMMENTS = YES;
				CLANG_WARN_EMPTY_BODY = YES;
				CLANG_WARN_ENUM_CONVERSION = YES;
				CLANG_WARN_INFINITE_RECURSION = YES;
				CLANG_WARN_INT_CONVERSION = YES;
				CLANG_WARN_NON_LITERAL_NULL_CONVERSION = YES;
				CLANG_WARN_OBJC_IMPLICIT_RETAIN_SELF = YES;
				CLANG_WARN_OBJC_LITERAL_CONVERSION = YES;
				CLANG_WARN_OBJC_ROOT_CLASS = YES_ERROR;
				CLANG_WARN_RANGE_LOOP_ANALYSIS = YES;
				CLANG_WARN_STRICT_PROTOTYPES = YES;
				CLANG_WARN_SUSPICIOUS_MOVE = YES;
				CLANG_WARN_UNGUARDED_AVAILABILITY = YES_AGGRESSIVE;
				CLANG_WARN_UNREACHABLE_CODE = YES;
				CLANG_WARN__DUPLICATE_METHOD_MATCH = YES;
				CODE_SIGN_IDENTITY = "iPhone Developer";
				COPY_PHASE_STRIP = NO;
				DEBUG_INFORMATION_FORMAT = "dwarf-with-dsym";
				ENABLE_NS_ASSERTIONS = NO;
				ENABLE_STRICT_OBJC_MSGSEND = YES;
				GCC_C_LANGUAGE_STANDARD = gnu11;
				GCC_NO_COMMON_BLOCKS = YES;
				GCC_WARN_64_TO_32_BIT_CONVERSION = YES;
				GCC_WARN_ABOUT_RETURN_TYPE = YES_ERROR;
				GCC_WARN_UNDECLARED_SELECTOR = YES;
				GCC_WARN_UNINITIALIZED_AUTOS = YES_AGGRESSIVE;
				GCC_WARN_UNUSED_FUNCTION = YES;
				GCC_WARN_UNUSED_VARIABLE = YES;
				IPHONEOS_DEPLOYMENT_TARGET = 12.2;
				MTL_ENABLE_DEBUG_INFO = NO;
				MTL_FAST_MATH = YES;
				SDKROOT = iphoneos;
				VALIDATE_PRODUCT = YES;
			};
			name = Release;
		};
		A207CC1B22D9A1DE00DF339E /* Debug */ = {
			isa = XCBuildConfiguration;
			buildSettings = {
				ASSETCATALOG_COMPILER_APPICON_NAME = AppIcon;
				CODE_SIGN_STYLE = Automatic;
				INFOPLIST_FILE = jsdemo/Info.plist;
				LD_RUNPATH_SEARCH_PATHS = (
					"$(inherited)",
					"@executable_path/Frameworks",
				);
				PRODUCT_BUNDLE_IDENTIFIER = com.chii.jsdemo.jsdemo;
				PRODUCT_NAME = "$(TARGET_NAME)";
				TARGETED_DEVICE_FAMILY = "1,2";
			};
			name = Debug;
		};
		A207CC1C22D9A1DE00DF339E /* Release */ = {
			isa = XCBuildConfiguration;
			buildSettings = {
				ASSETCATALOG_COMPILER_APPICON_NAME = AppIcon;
				CODE_SIGN_STYLE = Automatic;
				INFOPLIST_FILE = jsdemo/Info.plist;
				LD_RUNPATH_SEARCH_PATHS = (
					"$(inherited)",
					"@executable_path/Frameworks",
				);
				PRODUCT_BUNDLE_IDENTIFIER = com.chii.jsdemo.jsdemo;
				PRODUCT_NAME = "$(TARGET_NAME)";
				TARGETED_DEVICE_FAMILY = "1,2";
			};
			name = Release;
		};
		A207CC2C22D9A2C100DF339E /* Debug */ = {
			isa = XCBuildConfiguration;
			buildSettings = {
				CODE_SIGN_IDENTITY = "";
				CODE_SIGN_STYLE = Automatic;
				CURRENT_PROJECT_VERSION = 1;
				DEFINES_MODULE = YES;
				DYLIB_COMPATIBILITY_VERSION = 1;
				DYLIB_CURRENT_VERSION = 1;
				DYLIB_INSTALL_NAME_BASE = "@rpath";
				GCC_PREPROCESSOR_DEFINITIONS = "CONFIG_VERSION=\\\"2019\\\"";
				INFOPLIST_FILE = quicKjSruntimE/Info.plist;
				INSTALL_PATH = "$(LOCAL_LIBRARY_DIR)/Frameworks";
				LD_RUNPATH_SEARCH_PATHS = (
					"$(inherited)",
					"@executable_path/Frameworks",
					"@loader_path/Frameworks",
				);
				OTHER_CFLAGS = "";
				PRODUCT_BUNDLE_IDENTIFIER = com.chii.jsdemo.quicKjSruntimE;
				PRODUCT_NAME = "$(TARGET_NAME:c99extidentifier)";
				SKIP_INSTALL = YES;
				TARGETED_DEVICE_FAMILY = "1,2";
				VERSIONING_SYSTEM = "apple-generic";
				VERSION_INFO_PREFIX = "";
			};
			name = Debug;
		};
		A207CC2D22D9A2C100DF339E /* Release */ = {
			isa = XCBuildConfiguration;
			buildSettings = {
				CODE_SIGN_IDENTITY = "";
				CODE_SIGN_STYLE = Automatic;
				CURRENT_PROJECT_VERSION = 1;
				DEFINES_MODULE = YES;
				DYLIB_COMPATIBILITY_VERSION = 1;
				DYLIB_CURRENT_VERSION = 1;
				DYLIB_INSTALL_NAME_BASE = "@rpath";
				GCC_PREPROCESSOR_DEFINITIONS = "CONFIG_VERSION=\\\"2019\\\"";
				INFOPLIST_FILE = quicKjSruntimE/Info.plist;
				INSTALL_PATH = "$(LOCAL_LIBRARY_DIR)/Frameworks";
				LD_RUNPATH_SEARCH_PATHS = (
					"$(inherited)",
					"@executable_path/Frameworks",
					"@loader_path/Frameworks",
				);
				OTHER_CFLAGS = "";
				PRODUCT_BUNDLE_IDENTIFIER = com.chii.jsdemo.quicKjSruntimE;
				PRODUCT_NAME = "$(TARGET_NAME:c99extidentifier)";
				SKIP_INSTALL = YES;
				TARGETED_DEVICE_FAMILY = "1,2";
				VERSIONING_SYSTEM = "apple-generic";
				VERSION_INFO_PREFIX = "";
			};
			name = Release;
		};
/* End XCBuildConfiguration section */

/* Begin XCConfigurationList section */
		A207CBFF22D9A1DD00DF339E /* Build configuration list for PBXProject "jsdemo" */ = {
			isa = XCConfigurationList;
			buildConfigurations = (
				A207CC1822D9A1DE00DF339E /* Debug */,
				A207CC1922D9A1DE00DF339E /* Release */,
			);
			defaultConfigurationIsVisible = 0;
			defaultConfigurationName = Release;
		};
		A207CC1A22D9A1DE00DF339E /* Build configuration list for PBXNativeTarget "jsdemo" */ = {
			isa = XCConfigurationList;
			buildConfigurations = (
				A207CC1B22D9A1DE00DF339E /* Debug */,
				A207CC1C22D9A1DE00DF339E /* Release */,
			);
			defaultConfigurationIsVisible = 0;
			defaultConfigurationName = Release;
		};
		A207CC2B22D9A2C100DF339E /* Build configuration list for PBXNativeTarget "quicKjSruntimE" */ = {
			isa = XCConfigurationList;
			buildConfigurations = (
				A207CC2C22D9A2C100DF339E /* Debug */,
				A207CC2D22D9A2C100DF339E /* Release */,
			);
			defaultConfigurationIsVisible = 0;
			defaultConfigurationName = Release;
		};
/* End XCConfigurationList section */
	};
	rootObject = A207CBFC22D9A1DD00DF339E /* Project object */;
}
